<?xml version="1.0" encoding="utf-8"?>
<Project ToolsVersion="4.0" xmlns="http://schemas.microsoft.com/developer/msbuild/2003">
  <ItemGroup>
    <Filter Include="Source Files">
      <UniqueIdentifier>{4FC737F1-C7A5-4376-A066-2A32D752A2FF}</UniqueIdentifier>
      <Extensions>cpp;c;cc;cxx;c++;cppm;ixx;def;odl;idl;hpj;bat;asm;asmx</Extensions>
    </Filter>
    <Filter Include="Header Files">
      <UniqueIdentifier>{93995380-89BD-4b04-88EB-625FBE52EBFB}</UniqueIdentifier>
      <Extensions>h;hh;hpp;hxx;h++;hm;inl;inc;ipp;xsd</Extensions>
    </Filter>
    <Filter Include="Resource Files">
      <UniqueIdentifier>{67DA6AB6-F800-4c08-8B7A-83BB121AAD01}</UniqueIdentifier>
      <Extensions>rc;ico;cur;bmp;dlg;rc2;rct;bin;rgs;gif;jpg;jpeg;jpe;resx;tiff;tif;png;wav;mfcribbon-ms</Extensions>
    </Filter>
    <Filter Include="Source Files\model">
      <UniqueIdentifier>{c067c804-136d-4131-8d56-26db94cd4a88}</UniqueIdentifier>
    </Filter>
    <Filter Include="Source Files\ui">
      <UniqueIdentifier>{d104191f-a03c-4a8f-bde3-9ba0b0f6b21a}</UniqueIdentifier>
    </Filter>
    <Filter Include="Source Files\ui\ConsoleUI">
      <UniqueIdentifier>{252bb274-db53-480e-afd8-65338209f8a0}</UniqueIdentifier>
    </Filter>
    <Filter Include="Source Files\ui\GUI">
      <UniqueIdentifier>{2266ea77-300a-41b3-af1e-5784437e82e5}</UniqueIdentifier>
    </Filter>
    <Filter Include="Header Files\model">
      <UniqueIdentifier>{21d9de14-7b09-442d-9a77-0990cc178d2a}</UniqueIdentifier>
    </Filter>
    <Filter Include="Header Files\ConsoleUI">
      <UniqueIdentifier>{95b426ea-2d09-4c3f-a650-2329d84992d4}</UniqueIdentifier>
    </Filter>
    <Filter Include="Header Files\GUI">
      <UniqueIdentifier>{854ca3cb-1fea-47a7-966d-dde7fad8f25a}</UniqueIdentifier>
    </Filter>
  </ItemGroup>
  <ItemGroup>
    <ClCompile Include="Main.cpp">
      <Filter>Source Files\ui</Filter>
    </ClCompile>
    <ClCompile Include="Board.cpp">
      <Filter>Source Files\model</Filter>
    </ClCompile>
    <ClCompile Include="Computer.cpp">
      <Filter>Source Files\ui\ConsoleUI</Filter>
    </ClCompile>
    <ClCompile Include="Player.cpp">
      <Filter>Source Files\ui\ConsoleUI</Filter>
    </ClCompile>
    <ClCompile Include="TicTacToeGame.cpp">
      <Filter>Source Files\ui\ConsoleUI</Filter>
    </ClCompile>
    <ClCompile Include="TicTacToeGameGUI.cpp">
      <Filter>Source Files\ui\GUI</Filter>
    </ClCompile>
    <ClCompile Include="PlayerGUI.cpp">
      <Filter>Source Files\ui\GUI</Filter>
    </ClCompile>
    <ClCompile Include="ComputerGUI.cpp">
      <Filter>Source Files\ui\GUI</Filter>
    </ClCompile>
  </ItemGroup>
  <ItemGroup>
    <ClInclude Include="Board.h">
      <Filter>Header Files\model</Filter>
    </ClInclude>
    <ClInclude Include="Computer.h">
      <Filter>Header Files\ConsoleUI</Filter>
    </ClInclude>
    <ClInclude Include="Player.h">
      <Filter>Header Files\ConsoleUI</Filter>
    </ClInclude>
    <ClInclude Include="TicTacToeGame.h">
      <Filter>Header Files\ConsoleUI</Filter>
    </ClInclude>
    <ClInclude Include="ComputerGUI.h">
      <Filter>Header Files\GUI</Filter>
    </ClInclude>
    <ClInclude Include="PlayerGUI.h">
      <Filter>Header Files\GUI</Filter>
    </ClInclude>
    <ClInclude Include="TicTacToeGameGUI.h">
      <Filter>Header Files\GUI</Filter>
    </ClInclude>
  </ItemGroup>
  <ItemGroup>
    <Image Include="oImage.png">
      <Filter>Resource Files</Filter>
    </Image>
    <Image Include="xImage.png">
      <Filter>Resource Files</Filter>
    </Image>
    <Image Include="OnePlayer.png">
      <Filter>Resource Files</Filter>
    </Image>
    <Image Include="Rules.png">
      <Filter>Resource Files</Filter>
    </Image>
    <Image Include="TwoPlayer.png">
      <Filter>Resource Files</Filter>
    </Image>
    <Image Include="return.png">
      <Filter>Resource Files</Filter>
    </Image>
  </ItemGroup>
  <ItemGroup>
    <Font Include="Roboto-Regular.ttf">
      <Filter>Resource Files</Filter>
    </Font>
  </ItemGroup>
</Project>